
Microsoft Visual Studio Solution File, Format Version 12.00
# Visual Studio 14
VisualStudioVersion = 14.0.25420.1
MinimumVisualStudioVersion = 10.0.40219.1
Project("{2150E333-8FDC-42A3-9474-1A3956D46DE8}") = "src", "src", "{E30A231A-F6FD-433E-AAD7-4D2132E18312}"
EndProject
Project("{2150E333-8FDC-42A3-9474-1A3956D46DE8}") = "Solution Items", "Solution Items", "{358D8298-921D-4F34-A8C4-F80B528AF63A}"
	ProjectSection(SolutionItems) = preProject
		global.json = global.json
	EndProjectSection
EndProject
Project("{8BB2217D-0F2D-49D1-97BC-3654ED321F3B}") = "CityInfo.API", "src\CityInfo.API\CityInfo.API.xproj", "{74F9308F-164B-4A14-BCFC-374E1A74AAE2}"
EndProject
Global
	GlobalSection(SolutionConfigurationPlatforms) = preSolution
		Debug|Any CPU = Debug|Any CPU
		Release|Any CPU = Release|Any CPU
	EndGlobalSection
	GlobalSection(ProjectConfigurationPlatforms) = postSolution
		{74F9308F-164B-4A14-BCFC-374E1A74AAE2}.Debug|Any CPU.ActiveCfg = Debug|Any CPU
		{74F9308F-164B-4A14-BCFC-374E1A74AAE2}.Debug|Any CPU.Build.0 = Debug|Any CPU
		{74F9308F-164B-4A14-BCFC-374E1A74AAE2}.Release|Any CPU.ActiveCfg = Release|Any CPU
		{74F9308F-164B-4A14-BCFC-374E1A74AAE2}.Release|Any CPU.Build.0 = Release|Any CPU
	EndGlobalSection
	GlobalSection(SolutionProperties) = preSolution
		HideSolutionNode = FALSE
	EndGlobalSection
	GlobalSection(NestedProjects) = preSolution
		{74F9308F-164B-4A14-BCFC-374E1A74AAE2} = {E30A231A-F6FD-433E-AAD7-4D2132E18312}
	EndGlobalSection
EndGlobal
